dependencies:
  espressif/led_strip:
    component_hash: fc66f8544851132555bc668475f7b68acd6a211c8075db5ce1951cbfa27dfb88
    dependencies:
    - name: idf
      require: private
      version: '>=4.4'
    source:
      registry_url: https://components.espressif.com/
      type: service
    version: 2.5.4
  idf:
    source:
      type: idf
    version: 5.2.2
direct_dependencies:
- espressif/led_strip
- idf
manifest_hash: 50154b0cb16fc1f93c47ced2c65ad0f7da5d067276de3b0cdfd47bb1f7aa436a
target: esp32
version: 2.0.0
